{
    "version": 3,
    "terraform_version": "0.10.8",
    "serial": 24,
    "lineage": "c87a0b9f-fd83-4d1b-b0d3-6723bad5c653",
    "modules": [
        {
            "path": [
                "root"
            ],
            "outputs": {
                "InstancePrivateIP": {
                    "sensitive": false,
                    "type": "list",
                    "value": [
                        "10.0.1.2"
                    ]
                },
                "InstancePublicIP": {
                    "sensitive": false,
                    "type": "list",
                    "value": [
                        "129.146.77.251"
                    ]
                }
            },
            "resources": {
                "data.oci_core_images.OLImageOCID": {
                    "type": "oci_core_images",
                    "depends_on": [],
                    "primary": {
                        "id": "2018-03-15 22:59:02.541713576 +0000 UTC",
                        "attributes": {
                            "compartment_id": "ocid1.compartment.oc1..aaaaaaaa6zaogjkgud3daffeydkce3c5yhhg3atxwk34wr2iommtg4tqpiua",
                            "display_name": "Oracle-Linux-7.4-2018.01.20-0",
                            "id": "2018-03-15 22:59:02.541713576 +0000 UTC",
                            "images.#": "1",
                            "images.0.base_image_id": "",
                            "images.0.compartment_id": "",
                            "images.0.create_image_allowed": "true",
                            "images.0.display_name": "Oracle-Linux-7.4-2018.01.20-0",
                            "images.0.id": "ocid1.image.oc1.phx.aaaaaaaav4gjc4l232wx5g5drypbuiu375lemgdgnc7zg2wrdfmmtbtyrc5q",
                            "images.0.instance_id": "",
                            "images.0.operating_system": "Oracle Linux",
                            "images.0.operating_system_version": "7.4",
                            "images.0.state": "AVAILABLE",
                            "images.0.time_created": "2018-01-20 18:30:32.756 +0000 UTC"
                        },
                        "meta": {},
                        "tainted": false
                    },
                    "deposed": [],
                    "provider": ""
                },
                "data.oci_core_vnic.InstanceVnic": {
                    "type": "oci_core_vnic",
                    "depends_on": [
                        "data.oci_core_vnic_attachments.InstanceVnics"
                    ],
                    "primary": {
                        "id": "ocid1.vnic.oc1.phx.abyhqljsbiuvfs47cozbdimxt7xfogvll5y5qh3yef7nvckcqekt6yz7lvga",
                        "attributes": {
                            "availability_domain": "Pldp:PHX-AD-2",
                            "compartment_id": "ocid1.compartment.oc1..aaaaaaaa6zaogjkgud3daffeydkce3c5yhhg3atxwk34wr2iommtg4tqpiua",
                            "display_name": "WorkshopInstance",
                            "hostname_label": "workshop1",
                            "id": "ocid1.vnic.oc1.phx.abyhqljsbiuvfs47cozbdimxt7xfogvll5y5qh3yef7nvckcqekt6yz7lvga",
                            "is_primary": "true",
                            "mac_address": "00:00:17:01:18:C4",
                            "private_ip_address": "10.0.1.2",
                            "public_ip_address": "129.146.77.251",
                            "skip_source_dest_check": "false",
                            "state": "AVAILABLE",
                            "subnet_id": "ocid1.subnet.oc1.phx.aaaaaaaaybckurlgo2vzaljykl6jaeiiyjemd54bp2poedc5ecv4yui4amka",
                            "time_created": "2018-03-15 22:59:13.6 +0000 UTC",
                            "vnic_id": "ocid1.vnic.oc1.phx.abyhqljsbiuvfs47cozbdimxt7xfogvll5y5qh3yef7nvckcqekt6yz7lvga"
                        },
                        "meta": {},
                        "tainted": false
                    },
                    "deposed": [],
                    "provider": ""
                },
                "data.oci_core_vnic_attachments.InstanceVnics": {
                    "type": "oci_core_vnic_attachments",
                    "depends_on": [
                        "data.oci_identity_availability_domains.ADs",
                        "oci_core_instance.WorkshopInstance"
                    ],
                    "primary": {
                        "id": "2018-03-15 22:59:43.461711849 +0000 UTC",
                        "attributes": {
                            "availability_domain": "Pldp:PHX-AD-2",
                            "compartment_id": "ocid1.compartment.oc1..aaaaaaaa6zaogjkgud3daffeydkce3c5yhhg3atxwk34wr2iommtg4tqpiua",
                            "id": "2018-03-15 22:59:43.461711849 +0000 UTC",
                            "instance_id": "ocid1.instance.oc1.phx.abyhqljs4p3rwf5sp3bonzd44twbs7hpb5meo5c7jwzdaaaq2df2hb4nipva",
                            "vnic_attachments.#": "1",
                            "vnic_attachments.0.availability_domain": "Pldp:PHX-AD-2",
                            "vnic_attachments.0.compartment_id": "ocid1.compartment.oc1..aaaaaaaa6zaogjkgud3daffeydkce3c5yhhg3atxwk34wr2iommtg4tqpiua",
                            "vnic_attachments.0.create_vnic_details.#": "0",
                            "vnic_attachments.0.display_name": "",
                            "vnic_attachments.0.id": "ocid1.vnicattachment.oc1.phx.abyhqljsaicpw42jraatu6pcjcebii4s4ihbtqs4gt367hkxpr326sijmqxa",
                            "vnic_attachments.0.instance_id": "ocid1.instance.oc1.phx.abyhqljs4p3rwf5sp3bonzd44twbs7hpb5meo5c7jwzdaaaq2df2hb4nipva",
                            "vnic_attachments.0.nic_index": "0",
                            "vnic_attachments.0.state": "ATTACHED",
                            "vnic_attachments.0.subnet_id": "ocid1.subnet.oc1.phx.aaaaaaaaybckurlgo2vzaljykl6jaeiiyjemd54bp2poedc5ecv4yui4amka",
                            "vnic_attachments.0.time_created": "2018-03-15 22:59:14.105 +0000 UTC",
                            "vnic_attachments.0.vlan_tag": "50",
                            "vnic_attachments.0.vnic_id": "ocid1.vnic.oc1.phx.abyhqljsbiuvfs47cozbdimxt7xfogvll5y5qh3yef7nvckcqekt6yz7lvga"
                        },
                        "meta": {},
                        "tainted": false
                    },
                    "deposed": [],
                    "provider": ""
                },
                "data.oci_identity_availability_domains.ADs": {
                    "type": "oci_identity_availability_domains",
                    "depends_on": [],
                    "primary": {
                        "id": "2018-03-15 22:59:02.444483572 +0000 UTC",
                        "attributes": {
                            "availability_domains.#": "3",
                            "availability_domains.0.compartment_id": "ocid1.tenancy.oc1..aaaaaaaaplj6yfbnlsga2mt6m2nre2q44eixcm5efi34gnuu2wfbrvhvn2qa",
                            "availability_domains.0.name": "Pldp:PHX-AD-1",
                            "availability_domains.1.compartment_id": "ocid1.tenancy.oc1..aaaaaaaaplj6yfbnlsga2mt6m2nre2q44eixcm5efi34gnuu2wfbrvhvn2qa",
                            "availability_domains.1.name": "Pldp:PHX-AD-2",
                            "availability_domains.2.compartment_id": "ocid1.tenancy.oc1..aaaaaaaaplj6yfbnlsga2mt6m2nre2q44eixcm5efi34gnuu2wfbrvhvn2qa",
                            "availability_domains.2.name": "Pldp:PHX-AD-3",
                            "compartment_id": "ocid1.tenancy.oc1..aaaaaaaaplj6yfbnlsga2mt6m2nre2q44eixcm5efi34gnuu2wfbrvhvn2qa",
                            "id": "2018-03-15 22:59:02.444483572 +0000 UTC"
                        },
                        "meta": {},
                        "tainted": false
                    },
                    "deposed": [],
                    "provider": ""
                },
                "oci_core_instance.WorkshopInstance": {
                    "type": "oci_core_instance",
                    "depends_on": [
                        "data.oci_core_images.OLImageOCID",
                        "data.oci_identity_availability_domains.ADs",
                        "oci_core_subnet.WorkshopSubnet"
                    ],
                    "primary": {
                        "id": "ocid1.instance.oc1.phx.abyhqljs4p3rwf5sp3bonzd44twbs7hpb5meo5c7jwzdaaaq2df2hb4nipva",
                        "attributes": {
                            "availability_domain": "Pldp:PHX-AD-2",
                            "compartment_id": "ocid1.compartment.oc1..aaaaaaaa6zaogjkgud3daffeydkce3c5yhhg3atxwk34wr2iommtg4tqpiua",
                            "create_vnic_details.#": "1",
                            "create_vnic_details.0.assign_public_ip": "true",
                            "create_vnic_details.0.display_name": "WorkshopInstance",
                            "create_vnic_details.0.hostname_label": "workshop1",
                            "create_vnic_details.0.private_ip": "10.0.1.2",
                            "create_vnic_details.0.skip_source_dest_check": "false",
                            "create_vnic_details.0.subnet_id": "ocid1.subnet.oc1.phx.aaaaaaaaybckurlgo2vzaljykl6jaeiiyjemd54bp2poedc5ecv4yui4amka",
                            "display_name": "WorkshopInstance",
                            "hostname_label": "workshop1",
                            "id": "ocid1.instance.oc1.phx.abyhqljs4p3rwf5sp3bonzd44twbs7hpb5meo5c7jwzdaaaq2df2hb4nipva",
                            "image": "ocid1.image.oc1.phx.aaaaaaaav4gjc4l232wx5g5drypbuiu375lemgdgnc7zg2wrdfmmtbtyrc5q",
                            "metadata.%": "2",
                            "metadata.ssh_authorized_keys": "ssh-rsa AAAAB3NzaC1yc2EAAAABJQAAAQEAlurn6Dyeod8OVeaaJay7yod/AhLgfCZc3pMxN+yy4FMd7w9J20+apb9Y6vfNAjf+9nywhBxAN1Na01sLC9EgH07XQlXm4H0C4ePk1+v8xQ7x+gSide+q3Qmz8kXN9v479bPdwuptx0GtHcx4yK31s9AnL17WpFDOKMyMdtGk+JTp4m7l07ZwdRGKvOozNJzvLVD/12moNZ9YlX2SGKpGPmt+m5ivV52Ypz2f/YfIbGeHP/sMWnZ+yMXNj7OCkmE9AT/IVQJw0c5zX4JFQFbM8dk8IQKzXK3RkfA36g5Q4u5UH+t5XeOSyhIAi3HYFBdYMIwfdI3wYiJqCVy5WgNzSQ== rsa-key-20160209",
                            "metadata.user_data": "IyEvYmluL2Jhc2gKI3RvdWNoIH4vUmVhZG1lLnR4dAoKbG4gLXNmIC91c3Ivc2hhcmUvem9uZWluZm8vVVMvRWFzdGVybiAvZXRjL2xvY2FsdGltZQojQXZhaWxhYmxlIHRpbWV6b25lIGluIFVTOgojQWxhc2thICAgIEFyaXpvbmEgIEVhc3Rlcm4gICAgICAgSGF3YWlpICAgICAgICAgIE1pY2hpZ2FuICBQYWNpZmljICAgICAgU2Ftb2EKI0FsZXV0aWFuICBDZW50cmFsICBFYXN0LUluZGlhbmEgIEluZGlhbmEtU3RhcmtlICBNb3VudGFpbiAgUGFjaWZpYy1OZXcKI2xuIC1zZiAvdXNyL3NoYXJlL3pvbmVpbmZvL0FtZXJpY2EvQ2hpY2FnbyAvZXRjL2xvY2FsdGltZQojQXZhaWxhYmxlIHRpbWV6b25lIGluIEFtZXJpY2E6CiNBbmNob3JhZ2UgICAgICBJbmRpYW5hICAgICAgICAgSW5kaWFuYXBvbGlzICAgIE5ld19Zb3JrICAgICAgICBKdW5lYXUKI0RlbnZlciAgICAgICAgIEtlbnR1Y2t5ICAgICAgICBEZXRyb2l0ICAgICAgICAgS25veF9JTiAgICAgICAgIE5vcnRoX0Rha290YSAgICAKI0xvc19BbmdlbGVzICAgIExvdWlzdmlsbGUgICAgICBQaG9lbml4ICAgICAgICAgQm9pc2UgICAgICAgICAgIENoaWNhZ28KCnl1bSB1cGRhdGUgLXkKCg==",
                            "private_ip": "10.0.1.2",
                            "public_ip": "129.146.77.251",
                            "region": "phx",
                            "shape": "VM.Standard1.1",
                            "state": "RUNNING",
                            "subnet_id": "ocid1.subnet.oc1.phx.aaaaaaaaybckurlgo2vzaljykl6jaeiiyjemd54bp2poedc5ecv4yui4amka",
                            "time_created": "2018-03-15 22:59:12.102 +0000 UTC"
                        },
                        "meta": {
                            "e2bfb730-ecaa-11e6-8f88-34363bc7c4c0": {
                                "create": 3600000000000,
                                "delete": 7200000000000,
                                "update": 7200000000000
                            }
                        },
                        "tainted": false
                    },
                    "deposed": [],
                    "provider": ""
                },
                "oci_core_internet_gateway.WorkshopIG": {
                    "type": "oci_core_internet_gateway",
                    "depends_on": [
                        "oci_core_virtual_network.WorkshopVCN"
                    ],
                    "primary": {
                        "id": "ocid1.internetgateway.oc1.phx.aaaaaaaas6m6y4jgmxikxkabuyy3iihyirvkmpwbbbbiyx2cemswjwzkal4a",
                        "attributes": {
                            "compartment_id": "ocid1.compartment.oc1..aaaaaaaa6zaogjkgud3daffeydkce3c5yhhg3atxwk34wr2iommtg4tqpiua",
                            "display_name": "WorkshopIG",
                            "enabled": "true",
                            "id": "ocid1.internetgateway.oc1.phx.aaaaaaaas6m6y4jgmxikxkabuyy3iihyirvkmpwbbbbiyx2cemswjwzkal4a",
                            "state": "AVAILABLE",
                            "time_created": "2018-03-15 22:59:05.988 +0000 UTC",
                            "vcn_id": "ocid1.vcn.oc1.phx.aaaaaaaazssvlkwgowdjgsgkdunu42h24mnoeeci4u4jo4gty7y6a53fygta"
                        },
                        "meta": {
                            "e2bfb730-ecaa-11e6-8f88-34363bc7c4c0": {
                                "create": 300000000000,
                                "delete": 300000000000,
                                "update": 300000000000
                            }
                        },
                        "tainted": false
                    },
                    "deposed": [],
                    "provider": ""
                },
                "oci_core_route_table.WorkshopRT": {
                    "type": "oci_core_route_table",
                    "depends_on": [
                        "oci_core_internet_gateway.WorkshopIG",
                        "oci_core_virtual_network.WorkshopVCN"
                    ],
                    "primary": {
                        "id": "ocid1.routetable.oc1.phx.aaaaaaaaemqfa4dxbppyjja2iu6r56nwbe35uznbpb5q43rbykhdqy3iwjca",
                        "attributes": {
                            "compartment_id": "ocid1.compartment.oc1..aaaaaaaa6zaogjkgud3daffeydkce3c5yhhg3atxwk34wr2iommtg4tqpiua",
                            "display_name": "WorkshopRouteTable",
                            "id": "ocid1.routetable.oc1.phx.aaaaaaaaemqfa4dxbppyjja2iu6r56nwbe35uznbpb5q43rbykhdqy3iwjca",
                            "route_rules.#": "1",
                            "route_rules.0.cidr_block": "0.0.0.0/0",
                            "route_rules.0.network_entity_id": "ocid1.internetgateway.oc1.phx.aaaaaaaas6m6y4jgmxikxkabuyy3iihyirvkmpwbbbbiyx2cemswjwzkal4a",
                            "state": "AVAILABLE",
                            "time_created": "2018-03-15 22:59:06.389 +0000 UTC",
                            "vcn_id": "ocid1.vcn.oc1.phx.aaaaaaaazssvlkwgowdjgsgkdunu42h24mnoeeci4u4jo4gty7y6a53fygta"
                        },
                        "meta": {
                            "e2bfb730-ecaa-11e6-8f88-34363bc7c4c0": {
                                "create": 300000000000,
                                "delete": 300000000000,
                                "update": 300000000000
                            }
                        },
                        "tainted": false
                    },
                    "deposed": [],
                    "provider": ""
                },
                "oci_core_subnet.WorkshopSubnet": {
                    "type": "oci_core_subnet",
                    "depends_on": [
                        "data.oci_identity_availability_domains.ADs",
                        "oci_core_route_table.WorkshopRT",
                        "oci_core_virtual_network.WorkshopVCN"
                    ],
                    "primary": {
                        "id": "ocid1.subnet.oc1.phx.aaaaaaaaybckurlgo2vzaljykl6jaeiiyjemd54bp2poedc5ecv4yui4amka",
                        "attributes": {
                            "availability_domain": "Pldp:PHX-AD-2",
                            "cidr_block": "10.0.1.0/24",
                            "compartment_id": "ocid1.compartment.oc1..aaaaaaaa6zaogjkgud3daffeydkce3c5yhhg3atxwk34wr2iommtg4tqpiua",
                            "dhcp_options_id": "ocid1.dhcpoptions.oc1.phx.aaaaaaaaup2tpjn6uhikkfu6vzzht6j4p5aclrl3s6w5y7chw67kaunscmea",
                            "display_name": "WorkshopSubnet",
                            "dns_label": "workshopsubnet",
                            "id": "ocid1.subnet.oc1.phx.aaaaaaaaybckurlgo2vzaljykl6jaeiiyjemd54bp2poedc5ecv4yui4amka",
                            "prohibit_public_ip_on_vnic": "false",
                            "route_table_id": "ocid1.routetable.oc1.phx.aaaaaaaaemqfa4dxbppyjja2iu6r56nwbe35uznbpb5q43rbykhdqy3iwjca",
                            "security_list_ids.#": "1",
                            "security_list_ids.1278059519": "ocid1.securitylist.oc1.phx.aaaaaaaapwasp2ms4ongo2d6cklaao6evrz5pejtip73sy2euzhsigcfvhla",
                            "state": "AVAILABLE",
                            "subnet_domain_name": "workshopsubnet.workshopvcn.oraclevcn.com",
                            "time_created": "2018-03-15 22:59:07.34 +0000 UTC",
                            "vcn_id": "ocid1.vcn.oc1.phx.aaaaaaaazssvlkwgowdjgsgkdunu42h24mnoeeci4u4jo4gty7y6a53fygta",
                            "virtual_router_ip": "10.0.1.1",
                            "virtual_router_mac": "00:00:17:A2:3B:3E"
                        },
                        "meta": {
                            "e2bfb730-ecaa-11e6-8f88-34363bc7c4c0": {
                                "create": 300000000000,
                                "delete": 300000000000,
                                "update": 300000000000
                            }
                        },
                        "tainted": false
                    },
                    "deposed": [],
                    "provider": ""
                },
                "oci_core_virtual_network.WorkshopVCN": {
                    "type": "oci_core_virtual_network",
                    "depends_on": [],
                    "primary": {
                        "id": "ocid1.vcn.oc1.phx.aaaaaaaazssvlkwgowdjgsgkdunu42h24mnoeeci4u4jo4gty7y6a53fygta",
                        "attributes": {
                            "cidr_block": "10.0.0.0/16",
                            "compartment_id": "ocid1.compartment.oc1..aaaaaaaa6zaogjkgud3daffeydkce3c5yhhg3atxwk34wr2iommtg4tqpiua",
                            "default_dhcp_options_id": "ocid1.dhcpoptions.oc1.phx.aaaaaaaaup2tpjn6uhikkfu6vzzht6j4p5aclrl3s6w5y7chw67kaunscmea",
                            "default_route_table_id": "ocid1.routetable.oc1.phx.aaaaaaaavgehzlfqhmc3z77yx2t2x26xrd3qighjt26mme64d47oi3zyqsnq",
                            "default_security_list_id": "ocid1.securitylist.oc1.phx.aaaaaaaapwasp2ms4ongo2d6cklaao6evrz5pejtip73sy2euzhsigcfvhla",
                            "display_name": "WorkshopVCN",
                            "dns_label": "workshopvcn",
                            "id": "ocid1.vcn.oc1.phx.aaaaaaaazssvlkwgowdjgsgkdunu42h24mnoeeci4u4jo4gty7y6a53fygta",
                            "state": "AVAILABLE",
                            "time_created": "2018-03-15 22:59:05.381 +0000 UTC",
                            "vcn_domain_name": "workshopvcn.oraclevcn.com"
                        },
                        "meta": {
                            "e2bfb730-ecaa-11e6-8f88-34363bc7c4c0": {
                                "create": 300000000000,
                                "delete": 300000000000,
                                "update": 300000000000
                            }
                        },
                        "tainted": false
                    },
                    "deposed": [],
                    "provider": ""
                },
                "oci_core_volume.WorkshopBV": {
                    "type": "oci_core_volume",
                    "depends_on": [
                        "data.oci_identity_availability_domains.ADs"
                    ],
                    "primary": {
                        "id": "ocid1.volume.oc1.phx.abyhqljsmzyk2ezabtqb5r2fv7gwvqah45tacs54hn7lrplc6v7tegewlqpq",
                        "attributes": {
                            "availability_domain": "Pldp:PHX-AD-2",
                            "compartment_id": "ocid1.compartment.oc1..aaaaaaaa6zaogjkgud3daffeydkce3c5yhhg3atxwk34wr2iommtg4tqpiua",
                            "display_name": "WorkshopBV",
                            "id": "ocid1.volume.oc1.phx.abyhqljsmzyk2ezabtqb5r2fv7gwvqah45tacs54hn7lrplc6v7tegewlqpq",
                            "is_hydrated": "true",
                            "size_in_gbs": "50",
                            "size_in_mbs": "51200",
                            "source_details.#": "0",
                            "state": "AVAILABLE",
                            "time_created": "2018-03-15 22:59:05.444 +0000 UTC"
                        },
                        "meta": {
                            "e2bfb730-ecaa-11e6-8f88-34363bc7c4c0": {
                                "create": 300000000000,
                                "delete": 300000000000,
                                "update": 300000000000
                            }
                        },
                        "tainted": false
                    },
                    "deposed": [],
                    "provider": ""
                },
                "oci_core_volume_attachment.WorkshopBVAttach": {
                    "type": "oci_core_volume_attachment",
                    "depends_on": [
                        "data.oci_core_vnic.InstanceVnic",
                        "oci_core_instance.WorkshopInstance",
                        "oci_core_volume.WorkshopBV"
                    ],
                    "primary": {
                        "id": "ocid1.volumeattachment.oc1.phx.abyhqljsvyvu7mbjuwmtutraubf252hcuejrqpri4btkz3wu664f6ehbr7ja",
                        "attributes": {
                            "attachment_type": "iscsi",
                            "availability_domain": "Pldp:PHX-AD-2",
                            "compartment_id": "ocid1.compartment.oc1..aaaaaaaa6zaogjkgud3daffeydkce3c5yhhg3atxwk34wr2iommtg4tqpiua",
                            "display_name": "volumeattachment20180315225945",
                            "id": "ocid1.volumeattachment.oc1.phx.abyhqljsvyvu7mbjuwmtutraubf252hcuejrqpri4btkz3wu664f6ehbr7ja",
                            "instance_id": "ocid1.instance.oc1.phx.abyhqljs4p3rwf5sp3bonzd44twbs7hpb5meo5c7jwzdaaaq2df2hb4nipva",
                            "ipv4": "169.254.2.2",
                            "iqn": "iqn.2015-12.com.oracleiaas:63df7a02-0e39-4720-919c-c0a34fc0555f",
                            "port": "3260",
                            "state": "ATTACHED",
                            "time_created": "2018-03-15 22:59:46.036 +0000 UTC",
                            "volume_id": "ocid1.volume.oc1.phx.abyhqljsmzyk2ezabtqb5r2fv7gwvqah45tacs54hn7lrplc6v7tegewlqpq"
                        },
                        "meta": {
                            "e2bfb730-ecaa-11e6-8f88-34363bc7c4c0": {
                                "create": 300000000000,
                                "delete": 300000000000,
                                "update": 300000000000
                            }
                        },
                        "tainted": false
                    },
                    "deposed": [],
                    "provider": ""
                }
            },
            "depends_on": []
        }
    ]
}
